
Microsoft Visual Studio Solution File, Format Version 12.00
# Visual Studio Version 16
VisualStudioVersion = 16.0.31702.278
MinimumVisualStudioVersion = 10.0.40219.1
Project("{FAE04EC0-301F-11D3-BF4B-00C04F79EFBC}") = "VaR_mutato", "VaR_mutato\VaR_mutato.csproj", "{104D225B-3829-4F1E-A2A0-68FAB6DFEFCA}"
EndProject
Global
	GlobalSection(SolutionConfigurationPlatforms) = preSolution
		Debug|Any CPU = Debug|Any CPU
		Release|Any CPU = Release|Any CPU
	EndGlobalSection
	GlobalSection(ProjectConfigurationPlatforms) = postSolution
		{104D225B-3829-4F1E-A2A0-68FAB6DFEFCA}.Debug|Any CPU.ActiveCfg = Debug|Any CPU
		{104D225B-3829-4F1E-A2A0-68FAB6DFEFCA}.Debug|Any CPU.Build.0 = Debug|Any CPU
		{104D225B-3829-4F1E-A2A0-68FAB6DFEFCA}.Release|Any CPU.ActiveCfg = Release|Any CPU
		{104D225B-3829-4F1E-A2A0-68FAB6DFEFCA}.Release|Any CPU.Build.0 = Release|Any CPU
	EndGlobalSection
	GlobalSection(SolutionProperties) = preSolution
		HideSolutionNode = FALSE
	EndGlobalSection
	GlobalSection(ExtensibilityGlobals) = postSolution
		SolutionGuid = {734CA1A1-D96F-4C80-A31A-1722ED1A5588}
	EndGlobalSection
EndGlobal
